
Microsoft Visual Studio Solution File, Format Version 12.00
# Visual Studio Version 17
VisualStudioVersion = 17.5.33424.131
MinimumVisualStudioVersion = 10.0.40219.1
Project("{FAE04EC0-301F-11D3-BF4B-00C04F79EFBC}") = "SnakeGameExample", "SnakeGameExample.csproj", "{F530E156-C655-4061-A480-A920DCE01369}"
EndProject
Global
	GlobalSection(SolutionConfigurationPlatforms) = preSolution
		Debug|Any CPU = Debug|Any CPU
		Release|Any CPU = Release|Any CPU
	EndGlobalSection
	GlobalSection(ProjectConfigurationPlatforms) = postSolution
		{F530E156-C655-4061-A480-A920DCE01369}.Debug|Any CPU.ActiveCfg = Debug|Any CPU
		{F530E156-C655-4061-A480-A920DCE01369}.Debug|Any CPU.Build.0 = Debug|Any CPU
		{F530E156-C655-4061-A480-A920DCE01369}.Release|Any CPU.ActiveCfg = Release|Any CPU
		{F530E156-C655-4061-A480-A920DCE01369}.Release|Any CPU.Build.0 = Release|Any CPU
	EndGlobalSection
	GlobalSection(SolutionProperties) = preSolution
		HideSolutionNode = FALSE
	EndGlobalSection
	GlobalSection(ExtensibilityGlobals) = postSolution
		SolutionGuid = {FFA09DE9-EA10-494D-AE7A-52B939F256AB}
	EndGlobalSection
EndGlobal
